
Microsoft Visual Studio Solution File, Format Version 12.00
# Visual Studio 15
VisualStudioVersion = 15.0.28307.1082
MinimumVisualStudioVersion = 10.0.40219.1
Project("{FAE04EC0-301F-11D3-BF4B-00C04F79EFBC}") = "QAShopping", "QAShopping\QAShopping.csproj", "{130E3ECE-755F-42C6-8300-376394AA0B91}"
EndProject
Project("{FAE04EC0-301F-11D3-BF4B-00C04F79EFBC}") = "QAShoppingTests", "QAShoppingTests\QAShoppingTests.csproj", "{A6BDB37B-97A1-45ED-A57B-B60EA7377187}"
EndProject
Global
	GlobalSection(SolutionConfigurationPlatforms) = preSolution
		Debug|Any CPU = Debug|Any CPU
		Release|Any CPU = Release|Any CPU
	EndGlobalSection
	GlobalSection(ProjectConfigurationPlatforms) = postSolution
		{130E3ECE-755F-42C6-8300-376394AA0B91}.Debug|Any CPU.ActiveCfg = Debug|Any CPU
		{130E3ECE-755F-42C6-8300-376394AA0B91}.Debug|Any CPU.Build.0 = Debug|Any CPU
		{130E3ECE-755F-42C6-8300-376394AA0B91}.Release|Any CPU.ActiveCfg = Release|Any CPU
		{130E3ECE-755F-42C6-8300-376394AA0B91}.Release|Any CPU.Build.0 = Release|Any CPU
		{A6BDB37B-97A1-45ED-A57B-B60EA7377187}.Debug|Any CPU.ActiveCfg = Debug|Any CPU
		{A6BDB37B-97A1-45ED-A57B-B60EA7377187}.Debug|Any CPU.Build.0 = Debug|Any CPU
		{A6BDB37B-97A1-45ED-A57B-B60EA7377187}.Release|Any CPU.ActiveCfg = Release|Any CPU
		{A6BDB37B-97A1-45ED-A57B-B60EA7377187}.Release|Any CPU.Build.0 = Release|Any CPU
	EndGlobalSection
	GlobalSection(SolutionProperties) = preSolution
		HideSolutionNode = FALSE
	EndGlobalSection
	GlobalSection(ExtensibilityGlobals) = postSolution
		SolutionGuid = {A625650D-36F1-4E2B-AED9-533E146E2D00}
	EndGlobalSection
EndGlobal
