
Microsoft Visual Studio Solution File, Format Version 12.00
# Visual Studio 15
VisualStudioVersion = 15.0.28307.1082
MinimumVisualStudioVersion = 10.0.40219.1
Project("{FAE04EC0-301F-11D3-BF4B-00C04F79EFBC}") = "QABank", "QABank\QABank.csproj", "{1E64B18C-CD52-4DD5-A3B4-8F24861F4330}"
EndProject
Global
	GlobalSection(SolutionConfigurationPlatforms) = preSolution
		Debug|Any CPU = Debug|Any CPU
		Release|Any CPU = Release|Any CPU
	EndGlobalSection
	GlobalSection(ProjectConfigurationPlatforms) = postSolution
		{1E64B18C-CD52-4DD5-A3B4-8F24861F4330}.Debug|Any CPU.ActiveCfg = Debug|Any CPU
		{1E64B18C-CD52-4DD5-A3B4-8F24861F4330}.Debug|Any CPU.Build.0 = Debug|Any CPU
		{1E64B18C-CD52-4DD5-A3B4-8F24861F4330}.Release|Any CPU.ActiveCfg = Release|Any CPU
		{1E64B18C-CD52-4DD5-A3B4-8F24861F4330}.Release|Any CPU.Build.0 = Release|Any CPU
	EndGlobalSection
	GlobalSection(SolutionProperties) = preSolution
		HideSolutionNode = FALSE
	EndGlobalSection
	GlobalSection(ExtensibilityGlobals) = postSolution
		SolutionGuid = {F94D05F7-276E-4FC6-806A-98B7D7DC16B1}
	EndGlobalSection
EndGlobal
